{
  "name": "tools-config-saviomd",
  "version": "1.0.20170822",
  "lockfileVersion": 1,
  "requires": true,
  "dependencies": {
    "eslint-config-xo": {
      "version": "0.15.4",
      "resolved": "https://registry.npmjs.org/eslint-config-xo/-/eslint-config-xo-0.15.4.tgz",
      "integrity": "sha1-f5nJYq3iHHfH6Jky/oeB505+SxM="
    },
    "stylelint-config-suitcss": {
      "version": "8.0.0",
      "resolved": "https://registry.npmjs.org/stylelint-config-suitcss/-/stylelint-config-suitcss-8.0.0.tgz",
      "integrity": "sha1-8zJjAhoCzMpvwfS1TMUuzK4yZPg="
    }
  }
}
